
Microsoft Visual Studio Solution File, Format Version 12.00
# Visual Studio Version 16
VisualStudioVersion = 16.0.29709.97
MinimumVisualStudioVersion = 10.0.40219.1
Project("{9A19103F-16F7-4668-BE54-9A1E7A4F7556}") = "XUnitTest.WEB", "XUnitTest.WEB\XUnitTest.WEB.csproj", "{180A3341-EF09-4140-AEED-A80CCC41403A}"
EndProject
Project("{FAE04EC0-301F-11D3-BF4B-00C04F79EFBC}") = "XUnitTestRW.TEST", "XUnitTestRW.TEST\XUnitTestRW.TEST.csproj", "{F438BDB5-249E-4B55-BFE2-896EB873DF33}"
EndProject
Global
	GlobalSection(SolutionConfigurationPlatforms) = preSolution
		Debug|Any CPU = Debug|Any CPU
		Release|Any CPU = Release|Any CPU
	EndGlobalSection
	GlobalSection(ProjectConfigurationPlatforms) = postSolution
		{180A3341-EF09-4140-AEED-A80CCC41403A}.Debug|Any CPU.ActiveCfg = Debug|Any CPU
		{180A3341-EF09-4140-AEED-A80CCC41403A}.Debug|Any CPU.Build.0 = Debug|Any CPU
		{180A3341-EF09-4140-AEED-A80CCC41403A}.Release|Any CPU.ActiveCfg = Release|Any CPU
		{180A3341-EF09-4140-AEED-A80CCC41403A}.Release|Any CPU.Build.0 = Release|Any CPU
		{F438BDB5-249E-4B55-BFE2-896EB873DF33}.Debug|Any CPU.ActiveCfg = Debug|Any CPU
		{F438BDB5-249E-4B55-BFE2-896EB873DF33}.Debug|Any CPU.Build.0 = Debug|Any CPU
		{F438BDB5-249E-4B55-BFE2-896EB873DF33}.Release|Any CPU.ActiveCfg = Release|Any CPU
		{F438BDB5-249E-4B55-BFE2-896EB873DF33}.Release|Any CPU.Build.0 = Release|Any CPU
	EndGlobalSection
	GlobalSection(SolutionProperties) = preSolution
		HideSolutionNode = FALSE
	EndGlobalSection
	GlobalSection(ExtensibilityGlobals) = postSolution
		SolutionGuid = {691EA6D8-E6C9-43A0-995A-ADCDC8F50834}
	EndGlobalSection
EndGlobal
